
Microsoft Visual Studio Solution File, Format Version 12.00
# Visual Studio Version 17
VisualStudioVersion = 17.0.32112.339
MinimumVisualStudioVersion = 10.0.40219.1
Project("{FAE04EC0-301F-11D3-BF4B-00C04F79EFBC}") = "Calculadora.a", "Calculadora.a\Calculadora.a.csproj", "{58BE24F5-0E05-4D28-88C8-FB92B07C3645}"
EndProject
Global
	GlobalSection(SolutionConfigurationPlatforms) = preSolution
		Debug|Any CPU = Debug|Any CPU
		Release|Any CPU = Release|Any CPU
	EndGlobalSection
	GlobalSection(ProjectConfigurationPlatforms) = postSolution
		{58BE24F5-0E05-4D28-88C8-FB92B07C3645}.Debug|Any CPU.ActiveCfg = Debug|Any CPU
		{58BE24F5-0E05-4D28-88C8-FB92B07C3645}.Debug|Any CPU.Build.0 = Debug|Any CPU
		{58BE24F5-0E05-4D28-88C8-FB92B07C3645}.Release|Any CPU.ActiveCfg = Release|Any CPU
		{58BE24F5-0E05-4D28-88C8-FB92B07C3645}.Release|Any CPU.Build.0 = Release|Any CPU
	EndGlobalSection
	GlobalSection(SolutionProperties) = preSolution
		HideSolutionNode = FALSE
	EndGlobalSection
	GlobalSection(ExtensibilityGlobals) = postSolution
		SolutionGuid = {D0595BFD-D153-4261-AE78-4DE748C68E5F}
	EndGlobalSection
EndGlobal
